PODS:
  - MGSwipeTableCell (1.6.7)

DEPENDENCIES:
  - MGSwipeTableCell

SPEC REPOS:
  https://github.com/cocoapods/specs.git:
    - MGSwipeTableCell

SPEC CHECKSUMS:
  MGSwipeTableCell: fb20e983988bde2b8d0df29c2d9e1d8ffd10b74a

PODFILE CHECKSUM: 7aced8dc0d6d667134fbda171ac994972f4f6497

COCOAPODS: 1.5.3
